
Microsoft Visual Studio Solution File, Format Version 12.00
# Visual Studio Version 17
VisualStudioVersion = 17.6.33829.357
MinimumVisualStudioVersion = 10.0.40219.1
Project("{FAE04EC0-301F-11D3-BF4B-00C04F79EFBC}") = "TwoActionOneView", "TwoActionOneView\TwoActionOneView.csproj", "{8417452F-BF5A-4E52-98B7-8BE94016AC88}"
EndProject
Project("{FAE04EC0-301F-11D3-BF4B-00C04F79EFBC}") = "PartialView", "PartialView\PartialView.csproj", "{D45D644E-64AA-413E-A0F3-2A6DA6CBF3B6}"
EndProject
Project("{FAE04EC0-301F-11D3-BF4B-00C04F79EFBC}") = "RedirectToAction", "RedirectToAction\RedirectToAction.csproj", "{F84CCB4E-9BF5-4CB7-80A9-11CCA76A8B70}"
EndProject
Global
	GlobalSection(SolutionConfigurationPlatforms) = preSolution
		Debug|Any CPU = Debug|Any CPU
		Release|Any CPU = Release|Any CPU
	EndGlobalSection
	GlobalSection(ProjectConfigurationPlatforms) = postSolution
		{8417452F-BF5A-4E52-98B7-8BE94016AC88}.Debug|Any CPU.ActiveCfg = Debug|Any CPU
		{8417452F-BF5A-4E52-98B7-8BE94016AC88}.Debug|Any CPU.Build.0 = Debug|Any CPU
		{8417452F-BF5A-4E52-98B7-8BE94016AC88}.Release|Any CPU.ActiveCfg = Release|Any CPU
		{8417452F-BF5A-4E52-98B7-8BE94016AC88}.Release|Any CPU.Build.0 = Release|Any CPU
		{D45D644E-64AA-413E-A0F3-2A6DA6CBF3B6}.Debug|Any CPU.ActiveCfg = Debug|Any CPU
		{D45D644E-64AA-413E-A0F3-2A6DA6CBF3B6}.Debug|Any CPU.Build.0 = Debug|Any CPU
		{D45D644E-64AA-413E-A0F3-2A6DA6CBF3B6}.Release|Any CPU.ActiveCfg = Release|Any CPU
		{D45D644E-64AA-413E-A0F3-2A6DA6CBF3B6}.Release|Any CPU.Build.0 = Release|Any CPU
		{F84CCB4E-9BF5-4CB7-80A9-11CCA76A8B70}.Debug|Any CPU.ActiveCfg = Debug|Any CPU
		{F84CCB4E-9BF5-4CB7-80A9-11CCA76A8B70}.Debug|Any CPU.Build.0 = Debug|Any CPU
		{F84CCB4E-9BF5-4CB7-80A9-11CCA76A8B70}.Release|Any CPU.ActiveCfg = Release|Any CPU
		{F84CCB4E-9BF5-4CB7-80A9-11CCA76A8B70}.Release|Any CPU.Build.0 = Release|Any CPU
	EndGlobalSection
	GlobalSection(SolutionProperties) = preSolution
		HideSolutionNode = FALSE
	EndGlobalSection
	GlobalSection(ExtensibilityGlobals) = postSolution
		SolutionGuid = {4BDB827B-ABC3-4833-AC1C-84CA7E69EB07}
	EndGlobalSection
EndGlobal
